
Microsoft Visual Studio Solution File, Format Version 12.00
# Visual Studio Version 16
VisualStudioVersion = 16.0.31205.134
MinimumVisualStudioVersion = 10.0.40219.1
Project("{FAE04EC0-301F-11D3-BF4B-00C04F79EFBC}") = "CashRegister", "CashRegister.csproj", "{E719CB66-B948-4494-80F3-CD890CD22913}"
EndProject
Global
	GlobalSection(SolutionConfigurationPlatforms) = preSolution
		Debug|Any CPU = Debug|Any CPU
		Release|Any CPU = Release|Any CPU
	EndGlobalSection
	GlobalSection(ProjectConfigurationPlatforms) = postSolution
		{E719CB66-B948-4494-80F3-CD890CD22913}.Debug|Any CPU.ActiveCfg = Debug|Any CPU
		{E719CB66-B948-4494-80F3-CD890CD22913}.Debug|Any CPU.Build.0 = Debug|Any CPU
		{E719CB66-B948-4494-80F3-CD890CD22913}.Release|Any CPU.ActiveCfg = Release|Any CPU
		{E719CB66-B948-4494-80F3-CD890CD22913}.Release|Any CPU.Build.0 = Release|Any CPU
	EndGlobalSection
	GlobalSection(SolutionProperties) = preSolution
		HideSolutionNode = FALSE
	EndGlobalSection
	GlobalSection(ExtensibilityGlobals) = postSolution
		SolutionGuid = {C8DDAF15-5BFB-4A0D-94D0-F0BB7643740D}
	EndGlobalSection
EndGlobal
